
Microsoft Visual Studio Solution File, Format Version 12.00
# Visual Studio Version 17
VisualStudioVersion = 17.0.32126.317
MinimumVisualStudioVersion = 10.0.40219.1
Project("{9A19103F-16F7-4668-BE54-9A1E7A4F7556}") = "ConsoleApp2", "ConsoleApp2.csproj", "{514EAE24-D8D9-458F-BFE3-5CF935D35B0F}"
EndProject
Global
	GlobalSection(SolutionConfigurationPlatforms) = preSolution
		Debug|Any CPU = Debug|Any CPU
		Release|Any CPU = Release|Any CPU
	EndGlobalSection
	GlobalSection(ProjectConfigurationPlatforms) = postSolution
		{514EAE24-D8D9-458F-BFE3-5CF935D35B0F}.Debug|Any CPU.ActiveCfg = Debug|Any CPU
		{514EAE24-D8D9-458F-BFE3-5CF935D35B0F}.Debug|Any CPU.Build.0 = Debug|Any CPU
		{514EAE24-D8D9-458F-BFE3-5CF935D35B0F}.Release|Any CPU.ActiveCfg = Release|Any CPU
		{514EAE24-D8D9-458F-BFE3-5CF935D35B0F}.Release|Any CPU.Build.0 = Release|Any CPU
	EndGlobalSection
	GlobalSection(SolutionProperties) = preSolution
		HideSolutionNode = FALSE
	EndGlobalSection
	GlobalSection(ExtensibilityGlobals) = postSolution
		SolutionGuid = {FC02FADC-572E-47F8-BAB8-A149B3256A93}
	EndGlobalSection
EndGlobal
